
Microsoft Visual Studio Solution File, Format Version 12.00
# Visual Studio Version 17
VisualStudioVersion = 17.7.34003.232
MinimumVisualStudioVersion = 10.0.40219.1
Project("{FAE04EC0-301F-11D3-BF4B-00C04F79EFBC}") = "PlusCalcConsole", "PlusCalcConsole\PlusCalcConsole.csproj", "{66009A79-D75D-47F4-ABC4-058A5CFA6921}"
EndProject
Project("{FAE04EC0-301F-11D3-BF4B-00C04F79EFBC}") = "PlusCalcUnitTests", "PlusCalcUnitTests\PlusCalcUnitTests.csproj", "{C2756FFC-430F-4BBC-A1A2-183F0BCD8757}"
EndProject
Global
	GlobalSection(SolutionConfigurationPlatforms) = preSolution
		Debug|Any CPU = Debug|Any CPU
		Release|Any CPU = Release|Any CPU
	EndGlobalSection
	GlobalSection(ProjectConfigurationPlatforms) = postSolution
		{66009A79-D75D-47F4-ABC4-058A5CFA6921}.Debug|Any CPU.ActiveCfg = Debug|Any CPU
		{66009A79-D75D-47F4-ABC4-058A5CFA6921}.Debug|Any CPU.Build.0 = Debug|Any CPU
		{66009A79-D75D-47F4-ABC4-058A5CFA6921}.Release|Any CPU.ActiveCfg = Release|Any CPU
		{66009A79-D75D-47F4-ABC4-058A5CFA6921}.Release|Any CPU.Build.0 = Release|Any CPU
		{C2756FFC-430F-4BBC-A1A2-183F0BCD8757}.Debug|Any CPU.ActiveCfg = Debug|Any CPU
		{C2756FFC-430F-4BBC-A1A2-183F0BCD8757}.Debug|Any CPU.Build.0 = Debug|Any CPU
		{C2756FFC-430F-4BBC-A1A2-183F0BCD8757}.Release|Any CPU.ActiveCfg = Release|Any CPU
		{C2756FFC-430F-4BBC-A1A2-183F0BCD8757}.Release|Any CPU.Build.0 = Release|Any CPU
	EndGlobalSection
	GlobalSection(SolutionProperties) = preSolution
		HideSolutionNode = FALSE
	EndGlobalSection
	GlobalSection(ExtensibilityGlobals) = postSolution
		SolutionGuid = {AD479DFA-2CC8-4B0F-9CF0-488BBD434EF3}
	EndGlobalSection
EndGlobal
